// !$*UTF8*$!
{
	archiveVersion = 1;
	classes = {
	};
	objectVersion = 46;
	objects = {

/* Begin PBXBuildFile section */
		AE81236A19DDFEA900A933AB /* main.swift in Sources */ = {isa = PBXBuildFile; fileRef = AE81236919DDFEA900A933AB /* main.swift */; };
		AE81236C19DDFEA900A933AB /* AppDelegate.swift in Sources */ = {isa = PBXBuildFile; fileRef = AE81236B19DDFEA900A933AB /* AppDelegate.swift */; };
		AE81236E19DDFEA900A933AB /* Images.xcassets in Resources */ = {isa = PBXBuildFile; fileRef = AE81236D19DDFEA900A933AB /* Images.xcassets */; };
		AE81237119DDFEA900A933AB /* MainMenu.xib in Resources */ = {isa = PBXBuildFile; fileRef = AE81236F19DDFEA900A933AB /* MainMenu.xib */; };
		AE81237D19DDFEA900A933AB /* write_more_Tests.swift in Sources */ = {isa = PBXBuildFile; fileRef = AE81237C19DDFEA900A933AB /* write_more_Tests.swift */; };
/* End PBXBuildFile section */

/* Begin PBXContainerItemProxy section */
		AE81237719DDFEA900A933AB /* PBXContainerItemProxy */ = {
			isa = PBXContainerItemProxy;
			containerPortal = AE81235C19DDFEA900A933AB /* Project object */;
			proxyType = 1;
			remoteGlobalIDString = AE81236319DDFEA900A933AB;
			remoteInfo = "write more.";
		};
/* End PBXContainerItemProxy section */

/* Begin PBXFileReference section */
		AE81236419DDFEA900A933AB /* write more..app */ = {isa = PBXFileReference; explicitFileType = wrapper.application; includeInIndex = 0; path = "write more..app"; sourceTree = BUILT_PRODUCTS_DIR; };
		AE81236819DDFEA900A933AB /* Info.plist */ = {isa = PBXFileReference; lastKnownFileType = text.plist.xml; path = Info.plist; sourceTree = "<group>"; };
		AE81236919DDFEA900A933AB /* main.swift */ = {isa = PBXFileReference; lastKnownFileType = sourcecode.swift; path = main.swift; sourceTree = "<group>"; };
		AE81236B19DDFEA900A933AB /* AppDelegate.swift */ = {isa = PBXFileReference; lastKnownFileType = sourcecode.swift; path = AppDelegate.swift; sourceTree = "<group>"; };
		AE81236D19DDFEA900A933AB /* Images.xcassets */ = {isa = PBXFileReference; lastKnownFileType = folder.assetcatalog; path = Images.xcassets; sourceTree = "<group>"; };
		AE81237019DDFEA900A933AB /* Base */ = {isa = PBXFileReference; lastKnownFileType = file.xib; name = Base; path = Base.lproj/MainMenu.xib; sourceTree = "<group>"; };
		AE81237619DDFEA900A933AB /* write more.Tests.xctest */ = {isa = PBXFileReference; explicitFileType = wrapper.cfbundle; includeInIndex = 0; path = "write more.Tests.xctest"; sourceTree = BUILT_PRODUCTS_DIR; };
		AE81237B19DDFEA900A933AB /* Info.plist */ = {isa = PBXFileReference; lastKnownFileType = text.plist.xml; path = Info.plist; sourceTree = "<group>"; };
		AE81237C19DDFEA900A933AB /* write_more_Tests.swift */ = {isa = PBXFileReference; lastKnownFileType = sourcecode.swift; path = write_more_Tests.swift; sourceTree = "<group>"; };
		AE81238619DE024400A933AB /* AmandasPlayground.playground */ = {isa = PBXFileReference; lastKnownFileType = file.playground; path = AmandasPlayground.playground; sourceTree = "<group>"; };
/* End PBXFileReference section */

/* Begin PBXFrameworksBuildPhase section */
		AE81236119DDFEA900A933AB /* Frameworks */ = {
			isa = PBXFrameworksBuildPhase;
			buildActionMask = 2147483647;
			files = (
			);
			runOnlyForDeploymentPostprocessing = 0;
		};
		AE81237319DDFEA900A933AB /* Frameworks */ = {
			isa = PBXFrameworksBuildPhase;
			buildActionMask = 2147483647;
			files = (
			);
			runOnlyForDeploymentPostprocessing = 0;
		};
/* End PBXFrameworksBuildPhase section */

/* Begin PBXGroup section */
		AE81235B19DDFEA900A933AB = {
			isa = PBXGroup;
			children = (
				AE81236619DDFEA900A933AB /* write more. */,
				AE81237919DDFEA900A933AB /* write more.Tests */,
				AE81236519DDFEA900A933AB /* Products */,
			);
			sourceTree = "<group>";
		};
		AE81236519DDFEA900A933AB /* Products */ = {
			isa = PBXGroup;
			children = (
				AE81236419DDFEA900A933AB /* write more..app */,
				AE81237619DDFEA900A933AB /* write more.Tests.xctest */,
			);
			name = Products;
			sourceTree = "<group>";
		};
		AE81236619DDFEA900A933AB /* write more. */ = {
			isa = PBXGroup;
			children = (
				AE81236B19DDFEA900A933AB /* AppDelegate.swift */,
				AE81236D19DDFEA900A933AB /* Images.xcassets */,
				AE81236F19DDFEA900A933AB /* MainMenu.xib */,
				AE81236719DDFEA900A933AB /* Supporting Files */,
				AE81238619DE024400A933AB /* AmandasPlayground.playground */,
			);
			path = "write more.";
			sourceTree = "<group>";
		};
		AE81236719DDFEA900A933AB /* Supporting Files */ = {
			isa = PBXGroup;
			children = (
				AE81236819DDFEA900A933AB /* Info.plist */,
				AE81236919DDFEA900A933AB /* main.swift */,
			);
			name = "Supporting Files";
			sourceTree = "<group>";
		};
		AE81237919DDFEA900A933AB /* write more.Tests */ = {
			isa = PBXGroup;
			children = (
				AE81237C19DDFEA900A933AB /* write_more_Tests.swift */,
				AE81237A19DDFEA900A933AB /* Supporting Files */,
			);
			path = "write more.Tests";
			sourceTree = "<group>";
		};
		AE81237A19DDFEA900A933AB /* Supporting Files */ = {
			isa = PBXGroup;
			children = (
				AE81237B19DDFEA900A933AB /* Info.plist */,
			);
			name = "Supporting Files";
			sourceTree = "<group>";
		};
/* End PBXGroup section */

/* Begin PBXNativeTarget section */
		AE81236319DDFEA900A933AB /* write more. */ = {
			isa = PBXNativeTarget;
			buildConfigurationList = AE81238019DDFEA900A933AB /* Build configuration list for PBXNativeTarget "write more." */;
			buildPhases = (
				AE81236019DDFEA900A933AB /* Sources */,
				AE81236119DDFEA900A933AB /* Frameworks */,
				AE81236219DDFEA900A933AB /* Resources */,
			);
			buildRules = (
			);
			dependencies = (
			);
			name = "write more.";
			productName = "write more.";
			productReference = AE81236419DDFEA900A933AB /* write more..app */;
			productType = "com.apple.product-type.application";
		};
		AE81237519DDFEA900A933AB /* write more.Tests */ = {
			isa = PBXNativeTarget;
			buildConfigurationList = AE81238319DDFEA900A933AB /* Build configuration list for PBXNativeTarget "write more.Tests" */;
			buildPhases = (
				AE81237219DDFEA900A933AB /* Sources */,
				AE81237319DDFEA900A933AB /* Frameworks */,
				AE81237419DDFEA900A933AB /* Resources */,
			);
			buildRules = (
			);
			dependencies = (
				AE81237819DDFEA900A933AB /* PBXTargetDependency */,
			);
			name = "write more.Tests";
			productName = "write more.Tests";
			productReference = AE81237619DDFEA900A933AB /* write more.Tests.xctest */;
			productType = "com.apple.product-type.bundle.unit-test";
		};
/* End PBXNativeTarget section */

/* Begin PBXProject section */
		AE81235C19DDFEA900A933AB /* Project object */ = {
			isa = PBXProject;
			attributes = {
				LastUpgradeCheck = 0600;
				ORGANIZATIONNAME = FrothySoft;
				TargetAttributes = {
					AE81236319DDFEA900A933AB = {
						CreatedOnToolsVersion = 6.0;
					};
					AE81237519DDFEA900A933AB = {
						CreatedOnToolsVersion = 6.0;
						TestTargetID = AE81236319DDFEA900A933AB;
					};
				};
			};
			buildConfigurationList = AE81235F19DDFEA900A933AB /* Build configuration list for PBXProject "write more." */;
			compatibilityVersion = "Xcode 3.2";
			developmentRegion = English;
			hasScannedForEncodings = 0;
			knownRegions = (
				en,
				Base,
			);
			mainGroup = AE81235B19DDFEA900A933AB;
			productRefGroup = AE81236519DDFEA900A933AB /* Products */;
			projectDirPath = "";
			projectRoot = "";
			targets = (
				AE81236319DDFEA900A933AB /* write more. */,
				AE81237519DDFEA900A933AB /* write more.Tests */,
			);
		};
/* End PBXProject section */

/* Begin PBXResourcesBuildPhase section */
		AE81236219DDFEA900A933AB /* Resources */ = {
			isa = PBXResourcesBuildPhase;
			buildActionMask = 2147483647;
			files = (
				AE81236E19DDFEA900A933AB /* Images.xcassets in Resources */,
				AE81237119DDFEA900A933AB /* MainMenu.xib in Resources */,
			);
			runOnlyForDeploymentPostprocessing = 0;
		};
		AE81237419DDFEA900A933AB /* Resources */ = {
			isa = PBXResourcesBuildPhase;
			buildActionMask = 2147483647;
			files = (
			);
			runOnlyForDeploymentPostprocessing = 0;
		};
/* End PBXResourcesBuildPhase section */

/* Begin PBXSourcesBuildPhase section */
		AE81236019DDFEA900A933AB /* Sources */ = {
			isa = PBXSourcesBuildPhase;
			buildActionMask = 2147483647;
			files = (
				AE81236C19DDFEA900A933AB /* AppDelegate.swift in Sources */,
				AE81236A19DDFEA900A933AB /* main.swift in Sources */,
			);
			runOnlyForDeploymentPostprocessing = 0;
		};
		AE81237219DDFEA900A933AB /* Sources */ = {
			isa = PBXSourcesBuildPhase;
			buildActionMask = 2147483647;
			files = (
				AE81237D19DDFEA900A933AB /* write_more_Tests.swift in Sources */,
			);
			runOnlyForDeploymentPostprocessing = 0;
		};
/* End PBXSourcesBuildPhase section */

/* Begin PBXTargetDependency section */
		AE81237819DDFEA900A933AB /* PBXTargetDependency */ = {
			isa = PBXTargetDependency;
			target = AE81236319DDFEA900A933AB /* write more. */;
			targetProxy = AE81237719DDFEA900A933AB /* PBXContainerItemProxy */;
		};
/* End PBXTargetDependency section */

/* Begin PBXVariantGroup section */
		AE81236F19DDFEA900A933AB /* MainMenu.xib */ = {
			isa = PBXVariantGroup;
			children = (
				AE81237019DDFEA900A933AB /* Base */,
			);
			name = MainMenu.xib;
			sourceTree = "<group>";
		};
/* End PBXVariantGroup section */

/* Begin XCBuildConfiguration section */
		AE81237E19DDFEA900A933AB /* Debug */ = {
			isa = XCBuildConfiguration;
			buildSettings = {
				ALWAYS_SEARCH_USER_PATHS = NO;
				CLANG_CXX_LANGUAGE_STANDARD = "gnu++0x";
				CLANG_CXX_LIBRARY = "libc++";
				CLANG_ENABLE_MODULES = YES;
				CLANG_ENABLE_OBJC_ARC = YES;
				CLANG_WARN_BOOL_CONVERSION = YES;
				CLANG_WARN_CONSTANT_CONVERSION = YES;
				CLANG_WARN_DIRECT_OBJC_ISA_USAGE = YES_ERROR;
				CLANG_WARN_EMPTY_BODY = YES;
				CLANG_WARN_ENUM_CONVERSION = YES;
				CLANG_WARN_INT_CONVERSION = YES;
				CLANG_WARN_OBJC_ROOT_CLASS = YES_ERROR;
				CLANG_WARN_UNREACHABLE_CODE = YES;
				CLANG_WARN__DUPLICATE_METHOD_MATCH = YES;
				CODE_SIGN_IDENTITY = "-";
				COPY_PHASE_STRIP = NO;
				ENABLE_STRICT_OBJC_MSGSEND = YES;
				GCC_C_LANGUAGE_STANDARD = gnu99;
				GCC_DYNAMIC_NO_PIC = NO;
				GCC_OPTIMIZATION_LEVEL = 0;
				GCC_PREPROCESSOR_DEFINITIONS = (
					"DEBUG=1",
					"$(inherited)",
				);
				GCC_SYMBOLS_PRIVATE_EXTERN = NO;
				GCC_WARN_64_TO_32_BIT_CONVERSION = YES;
				GCC_WARN_ABOUT_RETURN_TYPE = YES_ERROR;
				GCC_WARN_UNDECLARED_SELECTOR = YES;
				GCC_WARN_UNINITIALIZED_AUTOS = YES_AGGRESSIVE;
				GCC_WARN_UNUSED_FUNCTION = YES;
				GCC_WARN_UNUSED_VARIABLE = YES;
				MACOSX_DEPLOYMENT_TARGET = 10.9;
				MTL_ENABLE_DEBUG_INFO = YES;
				ONLY_ACTIVE_ARCH = YES;
				SDKROOT = macosx;
				SWIFT_OPTIMIZATION_LEVEL = "-Onone";
			};
			name = Debug;
		};
		AE81237F19DDFEA900A933AB /* Release */ = {
			isa = XCBuildConfiguration;
			buildSettings = {
				ALWAYS_SEARCH_USER_PATHS = NO;
				CLANG_CXX_LANGUAGE_STANDARD = "gnu++0x";
				CLANG_CXX_LIBRARY = "libc++";
				CLANG_ENABLE_MODULES = YES;
				CLANG_ENABLE_OBJC_ARC = YES;
				CLANG_WARN_BOOL_CONVERSION = YES;
				CLANG_WARN_CONSTANT_CONVERSION = YES;
				CLANG_WARN_DIRECT_OBJC_ISA_USAGE = YES_ERROR;
				CLANG_WARN_EMPTY_BODY = YES;
				CLANG_WARN_ENUM_CONVERSION = YES;
				CLANG_WARN_INT_CONVERSION = YES;
				CLANG_WARN_OBJC_ROOT_CLASS = YES_ERROR;
				CLANG_WARN_UNREACHABLE_CODE = YES;
				CLANG_WARN__DUPLICATE_METHOD_MATCH = YES;
				CODE_SIGN_IDENTITY = "-";
				COPY_PHASE_STRIP = YES;
				DEBUG_INFORMATION_FORMAT = "dwarf-with-dsym";
				ENABLE_NS_ASSERTIONS = NO;
				ENABLE_STRICT_OBJC_MSGSEND = YES;
				GCC_C_LANGUAGE_STANDARD = gnu99;
				GCC_WARN_64_TO_32_BIT_CONVERSION = YES;
				GCC_WARN_ABOUT_RETURN_TYPE = YES_ERROR;
				GCC_WARN_UNDECLARED_SELECTOR = YES;
				GCC_WARN_UNINITIALIZED_AUTOS = YES_AGGRESSIVE;
				GCC_WARN_UNUSED_FUNCTION = YES;
				GCC_WARN_UNUSED_VARIABLE = YES;
				MACOSX_DEPLOYMENT_TARGET = 10.9;
				MTL_ENABLE_DEBUG_INFO = NO;
				SDKROOT = macosx;
			};
			name = Release;
		};
		AE81238119DDFEA900A933AB /* Debug */ = {
			isa = XCBuildConfiguration;
			buildSettings = {
				ASSETCATALOG_COMPILER_APPICON_NAME = AppIcon;
				COMBINE_HIDPI_IMAGES = YES;
				INFOPLIST_FILE = "write more./Info.plist";
				LD_RUNPATH_SEARCH_PATHS = "$(inherited) @executable_path/../Frameworks";
				MACOSX_DEPLOYMENT_TARGET = 10.9;
				PRODUCT_NAME = "$(TARGET_NAME)";
				SDKROOT = macosx;
			};
			name = Debug;
		};
		AE81238219DDFEA900A933AB /* Release */ = {
			isa = XCBuildConfiguration;
			buildSettings = {
				ASSETCATALOG_COMPILER_APPICON_NAME = AppIcon;
				COMBINE_HIDPI_IMAGES = YES;
				INFOPLIST_FILE = "write more./Info.plist";
				LD_RUNPATH_SEARCH_PATHS = "$(inherited) @executable_path/../Frameworks";
				MACOSX_DEPLOYMENT_TARGET = 10.9;
				PRODUCT_NAME = "$(TARGET_NAME)";
				SDKROOT = macosx;
			};
			name = Release;
		};
		AE81238419DDFEA900A933AB /* Debug */ = {
			isa = XCBuildConfiguration;
			buildSettings = {
				BUNDLE_LOADER = "$(TEST_HOST)";
				COMBINE_HIDPI_IMAGES = YES;
				FRAMEWORK_SEARCH_PATHS = (
					"$(DEVELOPER_FRAMEWORKS_DIR)",
					"$(inherited)",
				);
				GCC_PREPROCESSOR_DEFINITIONS = (
					"DEBUG=1",
					"$(inherited)",
				);
				INFOPLIST_FILE = "write more.Tests/Info.plist";
				LD_RUNPATH_SEARCH_PATHS = "$(inherited) @executable_path/../Frameworks @loader_path/../Frameworks";
				PRODUCT_NAME = "$(TARGET_NAME)";
				TEST_HOST = "$(BUILT_PRODUCTS_DIR)/write more..app/Contents/MacOS/write more.";
			};
			name = Debug;
		};
		AE81238519DDFEA900A933AB /* Release */ = {
			isa = XCBuildConfiguration;
			buildSettings = {
				BUNDLE_LOADER = "$(TEST_HOST)";
				COMBINE_HIDPI_IMAGES = YES;
				FRAMEWORK_SEARCH_PATHS = (
					"$(DEVELOPER_FRAMEWORKS_DIR)",
					"$(inherited)",
				);
				INFOPLIST_FILE = "write more.Tests/Info.plist";
				LD_RUNPATH_SEARCH_PATHS = "$(inherited) @executable_path/../Frameworks @loader_path/../Frameworks";
				PRODUCT_NAME = "$(TARGET_NAME)";
				TEST_HOST = "$(BUILT_PRODUCTS_DIR)/write more..app/Contents/MacOS/write more.";
			};
			name = Release;
		};
/* End XCBuildConfiguration section */

/* Begin XCConfigurationList section */
		AE81235F19DDFEA900A933AB /* Build configuration list for PBXProject "write more." */ = {
			isa = XCConfigurationList;
			buildConfigurations = (
				AE81237E19DDFEA900A933AB /* Debug */,
				AE81237F19DDFEA900A933AB /* Release */,
			);
			defaultConfigurationIsVisible = 0;
			defaultConfigurationName = Release;
		};
		AE81238019DDFEA900A933AB /* Build configuration list for PBXNativeTarget "write more." */ = {
			isa = XCConfigurationList;
			buildConfigurations = (
				AE81238119DDFEA900A933AB /* Debug */,
				AE81238219DDFEA900A933AB /* Release */,
			);
			defaultConfigurationIsVisible = 0;
			defaultConfigurationName = Release;
		};
		AE81238319DDFEA900A933AB /* Build configuration list for PBXNativeTarget "write more.Tests" */ = {
			isa = XCConfigurationList;
			buildConfigurations = (
				AE81238419DDFEA900A933AB /* Debug */,
				AE81238519DDFEA900A933AB /* Release */,
			);
			defaultConfigurationIsVisible = 0;
			defaultConfigurationName = Release;
		};
/* End XCConfigurationList section */
	};
	rootObject = AE81235C19DDFEA900A933AB /* Project object */;
}
